
Microsoft Visual Studio Solution File, Format Version 12.00
# Visual Studio 2013
VisualStudioVersion = 12.0.21005.1
MinimumVisualStudioVersion = 10.0.40219.1
Project("{8BC9CEB8-8B4A-11D0-8D11-00A0C91BC942}") = "KDC", "KDC\KDC.vcxproj", "{DAD0BBB7-5D1B-42C5-9BB3-ECDB87A49D6F}"
	ProjectSection(ProjectDependencies) = postProject
		{F068CD44-2ADF-4860-A1C7-495363A96E52} = {F068CD44-2ADF-4860-A1C7-495363A96E52}
	EndProjectSection
EndProject
Project("{8BC9CEB8-8B4A-11D0-8D11-00A0C91BC942}") = "Server", "Server\Server.vcxproj", "{CDAF44C0-F42D-4E96-AF76-5EC9908AFB60}"
	ProjectSection(ProjectDependencies) = postProject
		{F068CD44-2ADF-4860-A1C7-495363A96E52} = {F068CD44-2ADF-4860-A1C7-495363A96E52}
	EndProjectSection
EndProject
Project("{8BC9CEB8-8B4A-11D0-8D11-00A0C91BC942}") = "blowfish", "blowfish\blowfish.vcxproj", "{F068CD44-2ADF-4860-A1C7-495363A96E52}"
EndProject
Project("{8BC9CEB8-8B4A-11D0-8D11-00A0C91BC942}") = "Packet", "Project1\Project1.vcxproj", "{9388CE8B-3ED0-4C58-AD68-38669D3AA40B}"
EndProject
Global
	GlobalSection(SolutionConfigurationPlatforms) = preSolution
		Debug|Win32 = Debug|Win32
		Release|Win32 = Release|Win32
	EndGlobalSection
	GlobalSection(ProjectConfigurationPlatforms) = postSolution
		{DAD0BBB7-5D1B-42C5-9BB3-ECDB87A49D6F}.Debug|Win32.ActiveCfg = Debug|Win32
		{DAD0BBB7-5D1B-42C5-9BB3-ECDB87A49D6F}.Debug|Win32.Build.0 = Debug|Win32
		{DAD0BBB7-5D1B-42C5-9BB3-ECDB87A49D6F}.Release|Win32.ActiveCfg = Release|Win32
		{DAD0BBB7-5D1B-42C5-9BB3-ECDB87A49D6F}.Release|Win32.Build.0 = Release|Win32
		{CDAF44C0-F42D-4E96-AF76-5EC9908AFB60}.Debug|Win32.ActiveCfg = Debug|Win32
		{CDAF44C0-F42D-4E96-AF76-5EC9908AFB60}.Debug|Win32.Build.0 = Debug|Win32
		{CDAF44C0-F42D-4E96-AF76-5EC9908AFB60}.Release|Win32.ActiveCfg = Release|Win32
		{CDAF44C0-F42D-4E96-AF76-5EC9908AFB60}.Release|Win32.Build.0 = Release|Win32
		{F068CD44-2ADF-4860-A1C7-495363A96E52}.Debug|Win32.ActiveCfg = Debug|Win32
		{F068CD44-2ADF-4860-A1C7-495363A96E52}.Debug|Win32.Build.0 = Debug|Win32
		{F068CD44-2ADF-4860-A1C7-495363A96E52}.Release|Win32.ActiveCfg = Release|Win32
		{F068CD44-2ADF-4860-A1C7-495363A96E52}.Release|Win32.Build.0 = Release|Win32
		{9388CE8B-3ED0-4C58-AD68-38669D3AA40B}.Debug|Win32.ActiveCfg = Debug|Win32
		{9388CE8B-3ED0-4C58-AD68-38669D3AA40B}.Debug|Win32.Build.0 = Debug|Win32
		{9388CE8B-3ED0-4C58-AD68-38669D3AA40B}.Release|Win32.ActiveCfg = Release|Win32
		{9388CE8B-3ED0-4C58-AD68-38669D3AA40B}.Release|Win32.Build.0 = Release|Win32
	EndGlobalSection
	GlobalSection(SolutionProperties) = preSolution
		HideSolutionNode = FALSE
	EndGlobalSection
EndGlobal
